
Microsoft Visual Studio Solution File, Format Version 12.00
# Visual Studio 14
VisualStudioVersion = 14.0.23107.0
MinimumVisualStudioVersion = 10.0.40219.1
Project("{2150E333-8FDC-42A3-9474-1A3956D46DE8}") = "src", "src", "{9E5DCF02-92DA-45B9-9265-868F971E48B5}"
EndProject
Project("{2150E333-8FDC-42A3-9474-1A3956D46DE8}") = "Solution Items", "Solution Items", "{D725A81F-BC35-431B-AE60-9B71EFE9E167}"
	ProjectSection(SolutionItems) = preProject
		global.json = global.json
		NuGet.Config = NuGet.Config
	EndProjectSection
EndProject
Project("{8BB2217D-0F2D-49D1-97BC-3654ED321F3B}") = "ResumeMaker", "src\ResumeMaker\ResumeMaker.xproj", "{7DBFC744-5B7E-45B9-B581-0FFB893048CC}"
EndProject
Project("{FAE04EC0-301F-11D3-BF4B-00C04F79EFBC}") = "ResumeMaker.Data", "src\ResumeMaker.DataModels\ResumeMaker.Data.csproj", "{DE927E39-F76B-433F-B493-2D85C0A0C2C1}"
EndProject
Project("{FAE04EC0-301F-11D3-BF4B-00C04F79EFBC}") = "NMapper", "src\NMapper\NMapper.csproj", "{28225C89-943D-4840-A9A7-31DBF6C6AAF6}"
EndProject
Project("{FAE04EC0-301F-11D3-BF4B-00C04F79EFBC}") = "DbPortal", "src\DbPortal\DbPortal.csproj", "{178B8037-6FC5-440D-B9AF-80CBF95A0FED}"
EndProject
Project("{FAE04EC0-301F-11D3-BF4B-00C04F79EFBC}") = "ResumeMaker.Common", "src\ResumeMaker.Common\ResumeMaker.Common.csproj", "{195157E6-8B4A-4CED-B19C-ABB3E1F2D4CA}"
EndProject
Global
	GlobalSection(SolutionConfigurationPlatforms) = preSolution
		Debug|Any CPU = Debug|Any CPU
		Debug|ARM = Debug|ARM
		Debug|x64 = Debug|x64
		Debug|x86 = Debug|x86
		Debug-net20|Any CPU = Debug-net20|Any CPU
		Debug-net20|ARM = Debug-net20|ARM
		Debug-net20|x64 = Debug-net20|x64
		Debug-net20|x86 = Debug-net20|x86
		Debug-net35|Any CPU = Debug-net35|Any CPU
		Debug-net35|ARM = Debug-net35|ARM
		Debug-net35|x64 = Debug-net35|x64
		Debug-net35|x86 = Debug-net35|x86
		Debug-net40|Any CPU = Debug-net40|Any CPU
		Debug-net40|ARM = Debug-net40|ARM
		Debug-net40|x64 = Debug-net40|x64
		Debug-net40|x86 = Debug-net40|x86
		Debug-net45|Any CPU = Debug-net45|Any CPU
		Debug-net45|ARM = Debug-net45|ARM
		Debug-net45|x64 = Debug-net45|x64
		Debug-net45|x86 = Debug-net45|x86
		Release|Any CPU = Release|Any CPU
		Release|ARM = Release|ARM
		Release|x64 = Release|x64
		Release|x86 = Release|x86
		Release-net20|Any CPU = Release-net20|Any CPU
		Release-net20|ARM = Release-net20|ARM
		Release-net20|x64 = Release-net20|x64
		Release-net20|x86 = Release-net20|x86
		Release-net35|Any CPU = Release-net35|Any CPU
		Release-net35|ARM = Release-net35|ARM
		Release-net35|x64 = Release-net35|x64
		Release-net35|x86 = Release-net35|x86
		Release-net40|Any CPU = Release-net40|Any CPU
		Release-net40|ARM = Release-net40|ARM
		Release-net40|x64 = Release-net40|x64
		Release-net40|x86 = Release-net40|x86
		Release-net45|Any CPU = Release-net45|Any CPU
		Release-net45|ARM = Release-net45|ARM
		Release-net45|x64 = Release-net45|x64
		Release-net45|x86 = Release-net45|x86
	EndGlobalSection
	GlobalSection(ProjectConfigurationPlatforms) = postSolution
		{7DBFC744-5B7E-45B9-B581-0FFB893048CC}.Debug|Any CPU.ActiveCfg = Debug|Any CPU
		{7DBFC744-5B7E-45B9-B581-0FFB893048CC}.Debug|Any CPU.Build.0 = Debug|Any CPU
		{7DBFC744-5B7E-45B9-B581-0FFB893048CC}.Debug|ARM.ActiveCfg = Debug|Any CPU
		{7DBFC744-5B7E-45B9-B581-0FFB893048CC}.Debug|ARM.Build.0 = Debug|Any CPU
		{7DBFC744-5B7E-45B9-B581-0FFB893048CC}.Debug|x64.ActiveCfg = Debug|Any CPU
		{7DBFC744-5B7E-45B9-B581-0FFB893048CC}.Debug|x64.Build.0 = Debug|Any CPU
		{7DBFC744-5B7E-45B9-B581-0FFB893048CC}.Debug|x86.ActiveCfg = Debug|Any CPU
		{7DBFC744-5B7E-45B9-B581-0FFB893048CC}.Debug|x86.Build.0 = Debug|Any CPU
		{7DBFC744-5B7E-45B9-B581-0FFB893048CC}.Debug-net20|Any CPU.ActiveCfg = Debug|Any CPU
		{7DBFC744-5B7E-45B9-B581-0FFB893048CC}.Debug-net20|Any CPU.Build.0 = Debug|Any CPU
		{7DBFC744-5B7E-45B9-B581-0FFB893048CC}.Debug-net20|ARM.ActiveCfg = Debug|Any CPU
		{7DBFC744-5B7E-45B9-B581-0FFB893048CC}.Debug-net20|ARM.Build.0 = Debug|Any CPU
		{7DBFC744-5B7E-45B9-B581-0FFB893048CC}.Debug-net20|x64.ActiveCfg = Debug|Any CPU
		{7DBFC744-5B7E-45B9-B581-0FFB893048CC}.Debug-net20|x64.Build.0 = Debug|Any CPU
		{7DBFC744-5B7E-45B9-B581-0FFB893048CC}.Debug-net20|x86.ActiveCfg = Debug|Any CPU
		{7DBFC744-5B7E-45B9-B581-0FFB893048CC}.Debug-net20|x86.Build.0 = Debug|Any CPU
		{7DBFC744-5B7E-45B9-B581-0FFB893048CC}.Debug-net35|Any CPU.ActiveCfg = Debug|Any CPU
		{7DBFC744-5B7E-45B9-B581-0FFB893048CC}.Debug-net35|Any CPU.Build.0 = Debug|Any CPU
		{7DBFC744-5B7E-45B9-B581-0FFB893048CC}.Debug-net35|ARM.ActiveCfg = Debug|Any CPU
		{7DBFC744-5B7E-45B9-B581-0FFB893048CC}.Debug-net35|ARM.Build.0 = Debug|Any CPU
		{7DBFC744-5B7E-45B9-B581-0FFB893048CC}.Debug-net35|x64.ActiveCfg = Debug|Any CPU
		{7DBFC744-5B7E-45B9-B581-0FFB893048CC}.Debug-net35|x64.Build.0 = Debug|Any CPU
		{7DBFC744-5B7E-45B9-B581-0FFB893048CC}.Debug-net35|x86.ActiveCfg = Debug|Any CPU
		{7DBFC744-5B7E-45B9-B581-0FFB893048CC}.Debug-net35|x86.Build.0 = Debug|Any CPU
		{7DBFC744-5B7E-45B9-B581-0FFB893048CC}.Debug-net40|Any CPU.ActiveCfg = Debug|Any CPU
		{7DBFC744-5B7E-45B9-B581-0FFB893048CC}.Debug-net40|Any CPU.Build.0 = Debug|Any CPU
		{7DBFC744-5B7E-45B9-B581-0FFB893048CC}.Debug-net40|ARM.ActiveCfg = Debug|Any CPU
		{7DBFC744-5B7E-45B9-B581-0FFB893048CC}.Debug-net40|ARM.Build.0 = Debug|Any CPU
		{7DBFC744-5B7E-45B9-B581-0FFB893048CC}.Debug-net40|x64.ActiveCfg = Debug|Any CPU
		{7DBFC744-5B7E-45B9-B581-0FFB893048CC}.Debug-net40|x64.Build.0 = Debug|Any CPU
		{7DBFC744-5B7E-45B9-B581-0FFB893048CC}.Debug-net40|x86.ActiveCfg = Debug|Any CPU
		{7DBFC744-5B7E-45B9-B581-0FFB893048CC}.Debug-net40|x86.Build.0 = Debug|Any CPU
		{7DBFC744-5B7E-45B9-B581-0FFB893048CC}.Debug-net45|Any CPU.ActiveCfg = Debug|Any CPU
		{7DBFC744-5B7E-45B9-B581-0FFB893048CC}.Debug-net45|Any CPU.Build.0 = Debug|Any CPU
		{7DBFC744-5B7E-45B9-B581-0FFB893048CC}.Debug-net45|ARM.ActiveCfg = Debug|Any CPU
		{7DBFC744-5B7E-45B9-B581-0FFB893048CC}.Debug-net45|ARM.Build.0 = Debug|Any CPU
		{7DBFC744-5B7E-45B9-B581-0FFB893048CC}.Debug-net45|x64.ActiveCfg = Debug|Any CPU
		{7DBFC744-5B7E-45B9-B581-0FFB893048CC}.Debug-net45|x64.Build.0 = Debug|Any CPU
		{7DBFC744-5B7E-45B9-B581-0FFB893048CC}.Debug-net45|x86.ActiveCfg = Debug|Any CPU
		{7DBFC744-5B7E-45B9-B581-0FFB893048CC}.Debug-net45|x86.Build.0 = Debug|Any CPU
		{7DBFC744-5B7E-45B9-B581-0FFB893048CC}.Release|Any CPU.ActiveCfg = Release|Any CPU
		{7DBFC744-5B7E-45B9-B581-0FFB893048CC}.Release|Any CPU.Build.0 = Release|Any CPU
		{7DBFC744-5B7E-45B9-B581-0FFB893048CC}.Release|ARM.ActiveCfg = Release|Any CPU
		{7DBFC744-5B7E-45B9-B581-0FFB893048CC}.Release|ARM.Build.0 = Release|Any CPU
		{7DBFC744-5B7E-45B9-B581-0FFB893048CC}.Release|x64.ActiveCfg = Release|Any CPU
		{7DBFC744-5B7E-45B9-B581-0FFB893048CC}.Release|x64.Build.0 = Release|Any CPU
		{7DBFC744-5B7E-45B9-B581-0FFB893048CC}.Release|x86.ActiveCfg = Release|Any CPU
		{7DBFC744-5B7E-45B9-B581-0FFB893048CC}.Release|x86.Build.0 = Release|Any CPU
		{7DBFC744-5B7E-45B9-B581-0FFB893048CC}.Release-net20|Any CPU.ActiveCfg = Release|Any CPU
		{7DBFC744-5B7E-45B9-B581-0FFB893048CC}.Release-net20|Any CPU.Build.0 = Release|Any CPU
		{7DBFC744-5B7E-45B9-B581-0FFB893048CC}.Release-net20|ARM.ActiveCfg = Release|Any CPU
		{7DBFC744-5B7E-45B9-B581-0FFB893048CC}.Release-net20|ARM.Build.0 = Release|Any CPU
		{7DBFC744-5B7E-45B9-B581-0FFB893048CC}.Release-net20|x64.ActiveCfg = Release|Any CPU
		{7DBFC744-5B7E-45B9-B581-0FFB893048CC}.Release-net20|x64.Build.0 = Release|Any CPU
		{7DBFC744-5B7E-45B9-B581-0FFB893048CC}.Release-net20|x86.ActiveCfg = Release|Any CPU
		{7DBFC744-5B7E-45B9-B581-0FFB893048CC}.Release-net20|x86.Build.0 = Release|Any CPU
		{7DBFC744-5B7E-45B9-B581-0FFB893048CC}.Release-net35|Any CPU.ActiveCfg = Release|Any CPU
		{7DBFC744-5B7E-45B9-B581-0FFB893048CC}.Release-net35|Any CPU.Build.0 = Release|Any CPU
		{7DBFC744-5B7E-45B9-B581-0FFB893048CC}.Release-net35|ARM.ActiveCfg = Release|Any CPU
		{7DBFC744-5B7E-45B9-B581-0FFB893048CC}.Release-net35|ARM.Build.0 = Release|Any CPU
		{7DBFC744-5B7E-45B9-B581-0FFB893048CC}.Release-net35|x64.ActiveCfg = Release|Any CPU
		{7DBFC744-5B7E-45B9-B581-0FFB893048CC}.Release-net35|x64.Build.0 = Release|Any CPU
		{7DBFC744-5B7E-45B9-B581-0FFB893048CC}.Release-net35|x86.ActiveCfg = Release|Any CPU
		{7DBFC744-5B7E-45B9-B581-0FFB893048CC}.Release-net35|x86.Build.0 = Release|Any CPU
		{7DBFC744-5B7E-45B9-B581-0FFB893048CC}.Release-net40|Any CPU.ActiveCfg = Release|Any CPU
		{7DBFC744-5B7E-45B9-B581-0FFB893048CC}.Release-net40|Any CPU.Build.0 = Release|Any CPU
		{7DBFC744-5B7E-45B9-B581-0FFB893048CC}.Release-net40|ARM.ActiveCfg = Release|Any CPU
		{7DBFC744-5B7E-45B9-B581-0FFB893048CC}.Release-net40|ARM.Build.0 = Release|Any CPU
		{7DBFC744-5B7E-45B9-B581-0FFB893048CC}.Release-net40|x64.ActiveCfg = Release|Any CPU
		{7DBFC744-5B7E-45B9-B581-0FFB893048CC}.Release-net40|x64.Build.0 = Release|Any CPU
		{7DBFC744-5B7E-45B9-B581-0FFB893048CC}.Release-net40|x86.ActiveCfg = Release|Any CPU
		{7DBFC744-5B7E-45B9-B581-0FFB893048CC}.Release-net40|x86.Build.0 = Release|Any CPU
		{7DBFC744-5B7E-45B9-B581-0FFB893048CC}.Release-net45|Any CPU.ActiveCfg = Release|Any CPU
		{7DBFC744-5B7E-45B9-B581-0FFB893048CC}.Release-net45|Any CPU.Build.0 = Release|Any CPU
		{7DBFC744-5B7E-45B9-B581-0FFB893048CC}.Release-net45|ARM.ActiveCfg = Release|Any CPU
		{7DBFC744-5B7E-45B9-B581-0FFB893048CC}.Release-net45|ARM.Build.0 = Release|Any CPU
		{7DBFC744-5B7E-45B9-B581-0FFB893048CC}.Release-net45|x64.ActiveCfg = Release|Any CPU
		{7DBFC744-5B7E-45B9-B581-0FFB893048CC}.Release-net45|x64.Build.0 = Release|Any CPU
		{7DBFC744-5B7E-45B9-B581-0FFB893048CC}.Release-net45|x86.ActiveCfg = Release|Any CPU
		{7DBFC744-5B7E-45B9-B581-0FFB893048CC}.Release-net45|x86.Build.0 = Release|Any CPU
		{DE927E39-F76B-433F-B493-2D85C0A0C2C1}.Debug|Any CPU.ActiveCfg = Debug|Any CPU
		{DE927E39-F76B-433F-B493-2D85C0A0C2C1}.Debug|Any CPU.Build.0 = Debug|Any CPU
		{DE927E39-F76B-433F-B493-2D85C0A0C2C1}.Debug|ARM.ActiveCfg = Debug|Any CPU
		{DE927E39-F76B-433F-B493-2D85C0A0C2C1}.Debug|ARM.Build.0 = Debug|Any CPU
		{DE927E39-F76B-433F-B493-2D85C0A0C2C1}.Debug|x64.ActiveCfg = Debug|Any CPU
		{DE927E39-F76B-433F-B493-2D85C0A0C2C1}.Debug|x64.Build.0 = Debug|Any CPU
		{DE927E39-F76B-433F-B493-2D85C0A0C2C1}.Debug|x86.ActiveCfg = Debug|Any CPU
		{DE927E39-F76B-433F-B493-2D85C0A0C2C1}.Debug|x86.Build.0 = Debug|Any CPU
		{DE927E39-F76B-433F-B493-2D85C0A0C2C1}.Debug-net20|Any CPU.ActiveCfg = Debug|Any CPU
		{DE927E39-F76B-433F-B493-2D85C0A0C2C1}.Debug-net20|Any CPU.Build.0 = Debug|Any CPU
		{DE927E39-F76B-433F-B493-2D85C0A0C2C1}.Debug-net20|ARM.ActiveCfg = Debug|Any CPU
		{DE927E39-F76B-433F-B493-2D85C0A0C2C1}.Debug-net20|ARM.Build.0 = Debug|Any CPU
		{DE927E39-F76B-433F-B493-2D85C0A0C2C1}.Debug-net20|x64.ActiveCfg = Debug|Any CPU
		{DE927E39-F76B-433F-B493-2D85C0A0C2C1}.Debug-net20|x64.Build.0 = Debug|Any CPU
		{DE927E39-F76B-433F-B493-2D85C0A0C2C1}.Debug-net20|x86.ActiveCfg = Debug|Any CPU
		{DE927E39-F76B-433F-B493-2D85C0A0C2C1}.Debug-net20|x86.Build.0 = Debug|Any CPU
		{DE927E39-F76B-433F-B493-2D85C0A0C2C1}.Debug-net35|Any CPU.ActiveCfg = Debug|Any CPU
		{DE927E39-F76B-433F-B493-2D85C0A0C2C1}.Debug-net35|Any CPU.Build.0 = Debug|Any CPU
		{DE927E39-F76B-433F-B493-2D85C0A0C2C1}.Debug-net35|ARM.ActiveCfg = Debug|Any CPU
		{DE927E39-F76B-433F-B493-2D85C0A0C2C1}.Debug-net35|ARM.Build.0 = Debug|Any CPU
		{DE927E39-F76B-433F-B493-2D85C0A0C2C1}.Debug-net35|x64.ActiveCfg = Debug|Any CPU
		{DE927E39-F76B-433F-B493-2D85C0A0C2C1}.Debug-net35|x64.Build.0 = Debug|Any CPU
		{DE927E39-F76B-433F-B493-2D85C0A0C2C1}.Debug-net35|x86.ActiveCfg = Debug|Any CPU
		{DE927E39-F76B-433F-B493-2D85C0A0C2C1}.Debug-net35|x86.Build.0 = Debug|Any CPU
		{DE927E39-F76B-433F-B493-2D85C0A0C2C1}.Debug-net40|Any CPU.ActiveCfg = Debug|Any CPU
		{DE927E39-F76B-433F-B493-2D85C0A0C2C1}.Debug-net40|Any CPU.Build.0 = Debug|Any CPU
		{DE927E39-F76B-433F-B493-2D85C0A0C2C1}.Debug-net40|ARM.ActiveCfg = Debug|Any CPU
		{DE927E39-F76B-433F-B493-2D85C0A0C2C1}.Debug-net40|ARM.Build.0 = Debug|Any CPU
		{DE927E39-F76B-433F-B493-2D85C0A0C2C1}.Debug-net40|x64.ActiveCfg = Debug|Any CPU
		{DE927E39-F76B-433F-B493-2D85C0A0C2C1}.Debug-net40|x64.Build.0 = Debug|Any CPU
		{DE927E39-F76B-433F-B493-2D85C0A0C2C1}.Debug-net40|x86.ActiveCfg = Debug|Any CPU
		{DE927E39-F76B-433F-B493-2D85C0A0C2C1}.Debug-net40|x86.Build.0 = Debug|Any CPU
		{DE927E39-F76B-433F-B493-2D85C0A0C2C1}.Debug-net45|Any CPU.ActiveCfg = Debug|Any CPU
		{DE927E39-F76B-433F-B493-2D85C0A0C2C1}.Debug-net45|Any CPU.Build.0 = Debug|Any CPU
		{DE927E39-F76B-433F-B493-2D85C0A0C2C1}.Debug-net45|ARM.ActiveCfg = Debug|Any CPU
		{DE927E39-F76B-433F-B493-2D85C0A0C2C1}.Debug-net45|ARM.Build.0 = Debug|Any CPU
		{DE927E39-F76B-433F-B493-2D85C0A0C2C1}.Debug-net45|x64.ActiveCfg = Debug|Any CPU
		{DE927E39-F76B-433F-B493-2D85C0A0C2C1}.Debug-net45|x64.Build.0 = Debug|Any CPU
		{DE927E39-F76B-433F-B493-2D85C0A0C2C1}.Debug-net45|x86.ActiveCfg = Debug|Any CPU
		{DE927E39-F76B-433F-B493-2D85C0A0C2C1}.Debug-net45|x86.Build.0 = Debug|Any CPU
		{DE927E39-F76B-433F-B493-2D85C0A0C2C1}.Release|Any CPU.ActiveCfg = Release|Any CPU
		{DE927E39-F76B-433F-B493-2D85C0A0C2C1}.Release|Any CPU.Build.0 = Release|Any CPU
		{DE927E39-F76B-433F-B493-2D85C0A0C2C1}.Release|ARM.ActiveCfg = Release|Any CPU
		{DE927E39-F76B-433F-B493-2D85C0A0C2C1}.Release|ARM.Build.0 = Release|Any CPU
		{DE927E39-F76B-433F-B493-2D85C0A0C2C1}.Release|x64.ActiveCfg = Release|Any CPU
		{DE927E39-F76B-433F-B493-2D85C0A0C2C1}.Release|x64.Build.0 = Release|Any CPU
		{DE927E39-F76B-433F-B493-2D85C0A0C2C1}.Release|x86.ActiveCfg = Release|Any CPU
		{DE927E39-F76B-433F-B493-2D85C0A0C2C1}.Release|x86.Build.0 = Release|Any CPU
		{DE927E39-F76B-433F-B493-2D85C0A0C2C1}.Release-net20|Any CPU.ActiveCfg = Release|Any CPU
		{DE927E39-F76B-433F-B493-2D85C0A0C2C1}.Release-net20|Any CPU.Build.0 = Release|Any CPU
		{DE927E39-F76B-433F-B493-2D85C0A0C2C1}.Release-net20|ARM.ActiveCfg = Release|Any CPU
		{DE927E39-F76B-433F-B493-2D85C0A0C2C1}.Release-net20|ARM.Build.0 = Release|Any CPU
		{DE927E39-F76B-433F-B493-2D85C0A0C2C1}.Release-net20|x64.ActiveCfg = Release|Any CPU
		{DE927E39-F76B-433F-B493-2D85C0A0C2C1}.Release-net20|x64.Build.0 = Release|Any CPU
		{DE927E39-F76B-433F-B493-2D85C0A0C2C1}.Release-net20|x86.ActiveCfg = Release|Any CPU
		{DE927E39-F76B-433F-B493-2D85C0A0C2C1}.Release-net20|x86.Build.0 = Release|Any CPU
		{DE927E39-F76B-433F-B493-2D85C0A0C2C1}.Release-net35|Any CPU.ActiveCfg = Release|Any CPU
		{DE927E39-F76B-433F-B493-2D85C0A0C2C1}.Release-net35|Any CPU.Build.0 = Release|Any CPU
		{DE927E39-F76B-433F-B493-2D85C0A0C2C1}.Release-net35|ARM.ActiveCfg = Release|Any CPU
		{DE927E39-F76B-433F-B493-2D85C0A0C2C1}.Release-net35|ARM.Build.0 = Release|Any CPU
		{DE927E39-F76B-433F-B493-2D85C0A0C2C1}.Release-net35|x64.ActiveCfg = Release|Any CPU
		{DE927E39-F76B-433F-B493-2D85C0A0C2C1}.Release-net35|x64.Build.0 = Release|Any CPU
		{DE927E39-F76B-433F-B493-2D85C0A0C2C1}.Release-net35|x86.ActiveCfg = Release|Any CPU
		{DE927E39-F76B-433F-B493-2D85C0A0C2C1}.Release-net35|x86.Build.0 = Release|Any CPU
		{DE927E39-F76B-433F-B493-2D85C0A0C2C1}.Release-net40|Any CPU.ActiveCfg = Release|Any CPU
		{DE927E39-F76B-433F-B493-2D85C0A0C2C1}.Release-net40|Any CPU.Build.0 = Release|Any CPU
		{DE927E39-F76B-433F-B493-2D85C0A0C2C1}.Release-net40|ARM.ActiveCfg = Release|Any CPU
		{DE927E39-F76B-433F-B493-2D85C0A0C2C1}.Release-net40|ARM.Build.0 = Release|Any CPU
		{DE927E39-F76B-433F-B493-2D85C0A0C2C1}.Release-net40|x64.ActiveCfg = Release|Any CPU
		{DE927E39-F76B-433F-B493-2D85C0A0C2C1}.Release-net40|x64.Build.0 = Release|Any CPU
		{DE927E39-F76B-433F-B493-2D85C0A0C2C1}.Release-net40|x86.ActiveCfg = Release|Any CPU
		{DE927E39-F76B-433F-B493-2D85C0A0C2C1}.Release-net40|x86.Build.0 = Release|Any CPU
		{DE927E39-F76B-433F-B493-2D85C0A0C2C1}.Release-net45|Any CPU.ActiveCfg = Release|Any CPU
		{DE927E39-F76B-433F-B493-2D85C0A0C2C1}.Release-net45|Any CPU.Build.0 = Release|Any CPU
		{DE927E39-F76B-433F-B493-2D85C0A0C2C1}.Release-net45|ARM.ActiveCfg = Release|Any CPU
		{DE927E39-F76B-433F-B493-2D85C0A0C2C1}.Release-net45|ARM.Build.0 = Release|Any CPU
		{DE927E39-F76B-433F-B493-2D85C0A0C2C1}.Release-net45|x64.ActiveCfg = Release|Any CPU
		{DE927E39-F76B-433F-B493-2D85C0A0C2C1}.Release-net45|x64.Build.0 = Release|Any CPU
		{DE927E39-F76B-433F-B493-2D85C0A0C2C1}.Release-net45|x86.ActiveCfg = Release|Any CPU
		{DE927E39-F76B-433F-B493-2D85C0A0C2C1}.Release-net45|x86.Build.0 = Release|Any CPU
		{28225C89-943D-4840-A9A7-31DBF6C6AAF6}.Debug|Any CPU.ActiveCfg = Debug|Any CPU
		{28225C89-943D-4840-A9A7-31DBF6C6AAF6}.Debug|Any CPU.Build.0 = Debug|Any CPU
		{28225C89-943D-4840-A9A7-31DBF6C6AAF6}.Debug|ARM.ActiveCfg = Debug|Any CPU
		{28225C89-943D-4840-A9A7-31DBF6C6AAF6}.Debug|ARM.Build.0 = Debug|Any CPU
		{28225C89-943D-4840-A9A7-31DBF6C6AAF6}.Debug|x64.ActiveCfg = Debug|Any CPU
		{28225C89-943D-4840-A9A7-31DBF6C6AAF6}.Debug|x64.Build.0 = Debug|Any CPU
		{28225C89-943D-4840-A9A7-31DBF6C6AAF6}.Debug|x86.ActiveCfg = Debug|Any CPU
		{28225C89-943D-4840-A9A7-31DBF6C6AAF6}.Debug|x86.Build.0 = Debug|Any CPU
		{28225C89-943D-4840-A9A7-31DBF6C6AAF6}.Debug-net20|Any CPU.ActiveCfg = Debug|Any CPU
		{28225C89-943D-4840-A9A7-31DBF6C6AAF6}.Debug-net20|Any CPU.Build.0 = Debug|Any CPU
		{28225C89-943D-4840-A9A7-31DBF6C6AAF6}.Debug-net20|ARM.ActiveCfg = Debug|Any CPU
		{28225C89-943D-4840-A9A7-31DBF6C6AAF6}.Debug-net20|ARM.Build.0 = Debug|Any CPU
		{28225C89-943D-4840-A9A7-31DBF6C6AAF6}.Debug-net20|x64.ActiveCfg = Debug|Any CPU
		{28225C89-943D-4840-A9A7-31DBF6C6AAF6}.Debug-net20|x64.Build.0 = Debug|Any CPU
		{28225C89-943D-4840-A9A7-31DBF6C6AAF6}.Debug-net20|x86.ActiveCfg = Debug|Any CPU
		{28225C89-943D-4840-A9A7-31DBF6C6AAF6}.Debug-net20|x86.Build.0 = Debug|Any CPU
		{28225C89-943D-4840-A9A7-31DBF6C6AAF6}.Debug-net35|Any CPU.ActiveCfg = Debug|Any CPU
		{28225C89-943D-4840-A9A7-31DBF6C6AAF6}.Debug-net35|Any CPU.Build.0 = Debug|Any CPU
		{28225C89-943D-4840-A9A7-31DBF6C6AAF6}.Debug-net35|ARM.ActiveCfg = Debug|Any CPU
		{28225C89-943D-4840-A9A7-31DBF6C6AAF6}.Debug-net35|ARM.Build.0 = Debug|Any CPU
		{28225C89-943D-4840-A9A7-31DBF6C6AAF6}.Debug-net35|x64.ActiveCfg = Debug|Any CPU
		{28225C89-943D-4840-A9A7-31DBF6C6AAF6}.Debug-net35|x64.Build.0 = Debug|Any CPU
		{28225C89-943D-4840-A9A7-31DBF6C6AAF6}.Debug-net35|x86.ActiveCfg = Debug|Any CPU
		{28225C89-943D-4840-A9A7-31DBF6C6AAF6}.Debug-net35|x86.Build.0 = Debug|Any CPU
		{28225C89-943D-4840-A9A7-31DBF6C6AAF6}.Debug-net40|Any CPU.ActiveCfg = Debug|Any CPU
		{28225C89-943D-4840-A9A7-31DBF6C6AAF6}.Debug-net40|Any CPU.Build.0 = Debug|Any CPU
		{28225C89-943D-4840-A9A7-31DBF6C6AAF6}.Debug-net40|ARM.ActiveCfg = Debug|Any CPU
		{28225C89-943D-4840-A9A7-31DBF6C6AAF6}.Debug-net40|ARM.Build.0 = Debug|Any CPU
		{28225C89-943D-4840-A9A7-31DBF6C6AAF6}.Debug-net40|x64.ActiveCfg = Debug|Any CPU
		{28225C89-943D-4840-A9A7-31DBF6C6AAF6}.Debug-net40|x64.Build.0 = Debug|Any CPU
		{28225C89-943D-4840-A9A7-31DBF6C6AAF6}.Debug-net40|x86.ActiveCfg = Debug|Any CPU
		{28225C89-943D-4840-A9A7-31DBF6C6AAF6}.Debug-net40|x86.Build.0 = Debug|Any CPU
		{28225C89-943D-4840-A9A7-31DBF6C6AAF6}.Debug-net45|Any CPU.ActiveCfg = Debug|Any CPU
		{28225C89-943D-4840-A9A7-31DBF6C6AAF6}.Debug-net45|Any CPU.Build.0 = Debug|Any CPU
		{28225C89-943D-4840-A9A7-31DBF6C6AAF6}.Debug-net45|ARM.ActiveCfg = Debug|Any CPU
		{28225C89-943D-4840-A9A7-31DBF6C6AAF6}.Debug-net45|ARM.Build.0 = Debug|Any CPU
		{28225C89-943D-4840-A9A7-31DBF6C6AAF6}.Debug-net45|x64.ActiveCfg = Debug|Any CPU
		{28225C89-943D-4840-A9A7-31DBF6C6AAF6}.Debug-net45|x64.Build.0 = Debug|Any CPU
		{28225C89-943D-4840-A9A7-31DBF6C6AAF6}.Debug-net45|x86.ActiveCfg = Debug|Any CPU
		{28225C89-943D-4840-A9A7-31DBF6C6AAF6}.Debug-net45|x86.Build.0 = Debug|Any CPU
		{28225C89-943D-4840-A9A7-31DBF6C6AAF6}.Release|Any CPU.ActiveCfg = Release|Any CPU
		{28225C89-943D-4840-A9A7-31DBF6C6AAF6}.Release|Any CPU.Build.0 = Release|Any CPU
		{28225C89-943D-4840-A9A7-31DBF6C6AAF6}.Release|ARM.ActiveCfg = Release|Any CPU
		{28225C89-943D-4840-A9A7-31DBF6C6AAF6}.Release|ARM.Build.0 = Release|Any CPU
		{28225C89-943D-4840-A9A7-31DBF6C6AAF6}.Release|x64.ActiveCfg = Release|Any CPU
		{28225C89-943D-4840-A9A7-31DBF6C6AAF6}.Release|x64.Build.0 = Release|Any CPU
		{28225C89-943D-4840-A9A7-31DBF6C6AAF6}.Release|x86.ActiveCfg = Release|Any CPU
		{28225C89-943D-4840-A9A7-31DBF6C6AAF6}.Release|x86.Build.0 = Release|Any CPU
		{28225C89-943D-4840-A9A7-31DBF6C6AAF6}.Release-net20|Any CPU.ActiveCfg = Release|Any CPU
		{28225C89-943D-4840-A9A7-31DBF6C6AAF6}.Release-net20|Any CPU.Build.0 = Release|Any CPU
		{28225C89-943D-4840-A9A7-31DBF6C6AAF6}.Release-net20|ARM.ActiveCfg = Release|Any CPU
		{28225C89-943D-4840-A9A7-31DBF6C6AAF6}.Release-net20|ARM.Build.0 = Release|Any CPU
		{28225C89-943D-4840-A9A7-31DBF6C6AAF6}.Release-net20|x64.ActiveCfg = Release|Any CPU
		{28225C89-943D-4840-A9A7-31DBF6C6AAF6}.Release-net20|x64.Build.0 = Release|Any CPU
		{28225C89-943D-4840-A9A7-31DBF6C6AAF6}.Release-net20|x86.ActiveCfg = Release|Any CPU
		{28225C89-943D-4840-A9A7-31DBF6C6AAF6}.Release-net20|x86.Build.0 = Release|Any CPU
		{28225C89-943D-4840-A9A7-31DBF6C6AAF6}.Release-net35|Any CPU.ActiveCfg = Release|Any CPU
		{28225C89-943D-4840-A9A7-31DBF6C6AAF6}.Release-net35|Any CPU.Build.0 = Release|Any CPU
		{28225C89-943D-4840-A9A7-31DBF6C6AAF6}.Release-net35|ARM.ActiveCfg = Release|Any CPU
		{28225C89-943D-4840-A9A7-31DBF6C6AAF6}.Release-net35|ARM.Build.0 = Release|Any CPU
		{28225C89-943D-4840-A9A7-31DBF6C6AAF6}.Release-net35|x64.ActiveCfg = Release|Any CPU
		{28225C89-943D-4840-A9A7-31DBF6C6AAF6}.Release-net35|x64.Build.0 = Release|Any CPU
		{28225C89-943D-4840-A9A7-31DBF6C6AAF6}.Release-net35|x86.ActiveCfg = Release|Any CPU
		{28225C89-943D-4840-A9A7-31DBF6C6AAF6}.Release-net35|x86.Build.0 = Release|Any CPU
		{28225C89-943D-4840-A9A7-31DBF6C6AAF6}.Release-net40|Any CPU.ActiveCfg = Release|Any CPU
		{28225C89-943D-4840-A9A7-31DBF6C6AAF6}.Release-net40|Any CPU.Build.0 = Release|Any CPU
		{28225C89-943D-4840-A9A7-31DBF6C6AAF6}.Release-net40|ARM.ActiveCfg = Release|Any CPU
		{28225C89-943D-4840-A9A7-31DBF6C6AAF6}.Release-net40|ARM.Build.0 = Release|Any CPU
		{28225C89-943D-4840-A9A7-31DBF6C6AAF6}.Release-net40|x64.ActiveCfg = Release|Any CPU
		{28225C89-943D-4840-A9A7-31DBF6C6AAF6}.Release-net40|x64.Build.0 = Release|Any CPU
		{28225C89-943D-4840-A9A7-31DBF6C6AAF6}.Release-net40|x86.ActiveCfg = Release|Any CPU
		{28225C89-943D-4840-A9A7-31DBF6C6AAF6}.Release-net40|x86.Build.0 = Release|Any CPU
		{28225C89-943D-4840-A9A7-31DBF6C6AAF6}.Release-net45|Any CPU.ActiveCfg = Release|Any CPU
		{28225C89-943D-4840-A9A7-31DBF6C6AAF6}.Release-net45|Any CPU.Build.0 = Release|Any CPU
		{28225C89-943D-4840-A9A7-31DBF6C6AAF6}.Release-net45|ARM.ActiveCfg = Release|Any CPU
		{28225C89-943D-4840-A9A7-31DBF6C6AAF6}.Release-net45|ARM.Build.0 = Release|Any CPU
		{28225C89-943D-4840-A9A7-31DBF6C6AAF6}.Release-net45|x64.ActiveCfg = Release|Any CPU
		{28225C89-943D-4840-A9A7-31DBF6C6AAF6}.Release-net45|x64.Build.0 = Release|Any CPU
		{28225C89-943D-4840-A9A7-31DBF6C6AAF6}.Release-net45|x86.ActiveCfg = Release|Any CPU
		{28225C89-943D-4840-A9A7-31DBF6C6AAF6}.Release-net45|x86.Build.0 = Release|Any CPU
		{178B8037-6FC5-440D-B9AF-80CBF95A0FED}.Debug|Any CPU.ActiveCfg = Debug|Any CPU
		{178B8037-6FC5-440D-B9AF-80CBF95A0FED}.Debug|Any CPU.Build.0 = Debug|Any CPU
		{178B8037-6FC5-440D-B9AF-80CBF95A0FED}.Debug|ARM.ActiveCfg = Debug|Any CPU
		{178B8037-6FC5-440D-B9AF-80CBF95A0FED}.Debug|ARM.Build.0 = Debug|Any CPU
		{178B8037-6FC5-440D-B9AF-80CBF95A0FED}.Debug|x64.ActiveCfg = Debug|Any CPU
		{178B8037-6FC5-440D-B9AF-80CBF95A0FED}.Debug|x64.Build.0 = Debug|Any CPU
		{178B8037-6FC5-440D-B9AF-80CBF95A0FED}.Debug|x86.ActiveCfg = Debug|Any CPU
		{178B8037-6FC5-440D-B9AF-80CBF95A0FED}.Debug|x86.Build.0 = Debug|Any CPU
		{178B8037-6FC5-440D-B9AF-80CBF95A0FED}.Debug-net20|Any CPU.ActiveCfg = Debug|Any CPU
		{178B8037-6FC5-440D-B9AF-80CBF95A0FED}.Debug-net20|Any CPU.Build.0 = Debug|Any CPU
		{178B8037-6FC5-440D-B9AF-80CBF95A0FED}.Debug-net20|ARM.ActiveCfg = Debug|Any CPU
		{178B8037-6FC5-440D-B9AF-80CBF95A0FED}.Debug-net20|ARM.Build.0 = Debug|Any CPU
		{178B8037-6FC5-440D-B9AF-80CBF95A0FED}.Debug-net20|x64.ActiveCfg = Debug|Any CPU
		{178B8037-6FC5-440D-B9AF-80CBF95A0FED}.Debug-net20|x64.Build.0 = Debug|Any CPU
		{178B8037-6FC5-440D-B9AF-80CBF95A0FED}.Debug-net20|x86.ActiveCfg = Debug|Any CPU
		{178B8037-6FC5-440D-B9AF-80CBF95A0FED}.Debug-net20|x86.Build.0 = Debug|Any CPU
		{178B8037-6FC5-440D-B9AF-80CBF95A0FED}.Debug-net35|Any CPU.ActiveCfg = Debug|Any CPU
		{178B8037-6FC5-440D-B9AF-80CBF95A0FED}.Debug-net35|Any CPU.Build.0 = Debug|Any CPU
		{178B8037-6FC5-440D-B9AF-80CBF95A0FED}.Debug-net35|ARM.ActiveCfg = Debug|Any CPU
		{178B8037-6FC5-440D-B9AF-80CBF95A0FED}.Debug-net35|ARM.Build.0 = Debug|Any CPU
		{178B8037-6FC5-440D-B9AF-80CBF95A0FED}.Debug-net35|x64.ActiveCfg = Debug|Any CPU
		{178B8037-6FC5-440D-B9AF-80CBF95A0FED}.Debug-net35|x64.Build.0 = Debug|Any CPU
		{178B8037-6FC5-440D-B9AF-80CBF95A0FED}.Debug-net35|x86.ActiveCfg = Debug|Any CPU
		{178B8037-6FC5-440D-B9AF-80CBF95A0FED}.Debug-net35|x86.Build.0 = Debug|Any CPU
		{178B8037-6FC5-440D-B9AF-80CBF95A0FED}.Debug-net40|Any CPU.ActiveCfg = Debug|Any CPU
		{178B8037-6FC5-440D-B9AF-80CBF95A0FED}.Debug-net40|Any CPU.Build.0 = Debug|Any CPU
		{178B8037-6FC5-440D-B9AF-80CBF95A0FED}.Debug-net40|ARM.ActiveCfg = Debug|Any CPU
		{178B8037-6FC5-440D-B9AF-80CBF95A0FED}.Debug-net40|ARM.Build.0 = Debug|Any CPU
		{178B8037-6FC5-440D-B9AF-80CBF95A0FED}.Debug-net40|x64.ActiveCfg = Debug|Any CPU
		{178B8037-6FC5-440D-B9AF-80CBF95A0FED}.Debug-net40|x64.Build.0 = Debug|Any CPU
		{178B8037-6FC5-440D-B9AF-80CBF95A0FED}.Debug-net40|x86.ActiveCfg = Debug|Any CPU
		{178B8037-6FC5-440D-B9AF-80CBF95A0FED}.Debug-net40|x86.Build.0 = Debug|Any CPU
		{178B8037-6FC5-440D-B9AF-80CBF95A0FED}.Debug-net45|Any CPU.ActiveCfg = Debug|Any CPU
		{178B8037-6FC5-440D-B9AF-80CBF95A0FED}.Debug-net45|Any CPU.Build.0 = Debug|Any CPU
		{178B8037-6FC5-440D-B9AF-80CBF95A0FED}.Debug-net45|ARM.ActiveCfg = Debug|Any CPU
		{178B8037-6FC5-440D-B9AF-80CBF95A0FED}.Debug-net45|ARM.Build.0 = Debug|Any CPU
		{178B8037-6FC5-440D-B9AF-80CBF95A0FED}.Debug-net45|x64.ActiveCfg = Debug|Any CPU
		{178B8037-6FC5-440D-B9AF-80CBF95A0FED}.Debug-net45|x64.Build.0 = Debug|Any CPU
		{178B8037-6FC5-440D-B9AF-80CBF95A0FED}.Debug-net45|x86.ActiveCfg = Debug|Any CPU
		{178B8037-6FC5-440D-B9AF-80CBF95A0FED}.Debug-net45|x86.Build.0 = Debug|Any CPU
		{178B8037-6FC5-440D-B9AF-80CBF95A0FED}.Release|Any CPU.ActiveCfg = Release|Any CPU
		{178B8037-6FC5-440D-B9AF-80CBF95A0FED}.Release|Any CPU.Build.0 = Release|Any CPU
		{178B8037-6FC5-440D-B9AF-80CBF95A0FED}.Release|ARM.ActiveCfg = Release|Any CPU
		{178B8037-6FC5-440D-B9AF-80CBF95A0FED}.Release|ARM.Build.0 = Release|Any CPU
		{178B8037-6FC5-440D-B9AF-80CBF95A0FED}.Release|x64.ActiveCfg = Release|Any CPU
		{178B8037-6FC5-440D-B9AF-80CBF95A0FED}.Release|x64.Build.0 = Release|Any CPU
		{178B8037-6FC5-440D-B9AF-80CBF95A0FED}.Release|x86.ActiveCfg = Release|Any CPU
		{178B8037-6FC5-440D-B9AF-80CBF95A0FED}.Release|x86.Build.0 = Release|Any CPU
		{178B8037-6FC5-440D-B9AF-80CBF95A0FED}.Release-net20|Any CPU.ActiveCfg = Release|Any CPU
		{178B8037-6FC5-440D-B9AF-80CBF95A0FED}.Release-net20|Any CPU.Build.0 = Release|Any CPU
		{178B8037-6FC5-440D-B9AF-80CBF95A0FED}.Release-net20|ARM.ActiveCfg = Release|Any CPU
		{178B8037-6FC5-440D-B9AF-80CBF95A0FED}.Release-net20|ARM.Build.0 = Release|Any CPU
		{178B8037-6FC5-440D-B9AF-80CBF95A0FED}.Release-net20|x64.ActiveCfg = Release|Any CPU
		{178B8037-6FC5-440D-B9AF-80CBF95A0FED}.Release-net20|x64.Build.0 = Release|Any CPU
		{178B8037-6FC5-440D-B9AF-80CBF95A0FED}.Release-net20|x86.ActiveCfg = Release|Any CPU
		{178B8037-6FC5-440D-B9AF-80CBF95A0FED}.Release-net20|x86.Build.0 = Release|Any CPU
		{178B8037-6FC5-440D-B9AF-80CBF95A0FED}.Release-net35|Any CPU.ActiveCfg = Release|Any CPU
		{178B8037-6FC5-440D-B9AF-80CBF95A0FED}.Release-net35|Any CPU.Build.0 = Release|Any CPU
		{178B8037-6FC5-440D-B9AF-80CBF95A0FED}.Release-net35|ARM.ActiveCfg = Release|Any CPU
		{178B8037-6FC5-440D-B9AF-80CBF95A0FED}.Release-net35|ARM.Build.0 = Release|Any CPU
		{178B8037-6FC5-440D-B9AF-80CBF95A0FED}.Release-net35|x64.ActiveCfg = Release|Any CPU
		{178B8037-6FC5-440D-B9AF-80CBF95A0FED}.Release-net35|x64.Build.0 = Release|Any CPU
		{178B8037-6FC5-440D-B9AF-80CBF95A0FED}.Release-net35|x86.ActiveCfg = Release|Any CPU
		{178B8037-6FC5-440D-B9AF-80CBF95A0FED}.Release-net35|x86.Build.0 = Release|Any CPU
		{178B8037-6FC5-440D-B9AF-80CBF95A0FED}.Release-net40|Any CPU.ActiveCfg = Release|Any CPU
		{178B8037-6FC5-440D-B9AF-80CBF95A0FED}.Release-net40|Any CPU.Build.0 = Release|Any CPU
		{178B8037-6FC5-440D-B9AF-80CBF95A0FED}.Release-net40|ARM.ActiveCfg = Release|Any CPU
		{178B8037-6FC5-440D-B9AF-80CBF95A0FED}.Release-net40|ARM.Build.0 = Release|Any CPU
		{178B8037-6FC5-440D-B9AF-80CBF95A0FED}.Release-net40|x64.ActiveCfg = Release|Any CPU
		{178B8037-6FC5-440D-B9AF-80CBF95A0FED}.Release-net40|x64.Build.0 = Release|Any CPU
		{178B8037-6FC5-440D-B9AF-80CBF95A0FED}.Release-net40|x86.ActiveCfg = Release|Any CPU
		{178B8037-6FC5-440D-B9AF-80CBF95A0FED}.Release-net40|x86.Build.0 = Release|Any CPU
		{178B8037-6FC5-440D-B9AF-80CBF95A0FED}.Release-net45|Any CPU.ActiveCfg = Release|Any CPU
		{178B8037-6FC5-440D-B9AF-80CBF95A0FED}.Release-net45|Any CPU.Build.0 = Release|Any CPU
		{178B8037-6FC5-440D-B9AF-80CBF95A0FED}.Release-net45|ARM.ActiveCfg = Release|Any CPU
		{178B8037-6FC5-440D-B9AF-80CBF95A0FED}.Release-net45|ARM.Build.0 = Release|Any CPU
		{178B8037-6FC5-440D-B9AF-80CBF95A0FED}.Release-net45|x64.ActiveCfg = Release|Any CPU
		{178B8037-6FC5-440D-B9AF-80CBF95A0FED}.Release-net45|x64.Build.0 = Release|Any CPU
		{178B8037-6FC5-440D-B9AF-80CBF95A0FED}.Release-net45|x86.ActiveCfg = Release|Any CPU
		{178B8037-6FC5-440D-B9AF-80CBF95A0FED}.Release-net45|x86.Build.0 = Release|Any CPU
		{195157E6-8B4A-4CED-B19C-ABB3E1F2D4CA}.Debug|Any CPU.ActiveCfg = Debug|Any CPU
		{195157E6-8B4A-4CED-B19C-ABB3E1F2D4CA}.Debug|Any CPU.Build.0 = Debug|Any CPU
		{195157E6-8B4A-4CED-B19C-ABB3E1F2D4CA}.Debug|ARM.ActiveCfg = Debug|Any CPU
		{195157E6-8B4A-4CED-B19C-ABB3E1F2D4CA}.Debug|ARM.Build.0 = Debug|Any CPU
		{195157E6-8B4A-4CED-B19C-ABB3E1F2D4CA}.Debug|x64.ActiveCfg = Debug|Any CPU
		{195157E6-8B4A-4CED-B19C-ABB3E1F2D4CA}.Debug|x64.Build.0 = Debug|Any CPU
		{195157E6-8B4A-4CED-B19C-ABB3E1F2D4CA}.Debug|x86.ActiveCfg = Debug|Any CPU
		{195157E6-8B4A-4CED-B19C-ABB3E1F2D4CA}.Debug|x86.Build.0 = Debug|Any CPU
		{195157E6-8B4A-4CED-B19C-ABB3E1F2D4CA}.Debug-net20|Any CPU.ActiveCfg = Debug|Any CPU
		{195157E6-8B4A-4CED-B19C-ABB3E1F2D4CA}.Debug-net20|Any CPU.Build.0 = Debug|Any CPU
		{195157E6-8B4A-4CED-B19C-ABB3E1F2D4CA}.Debug-net20|ARM.ActiveCfg = Debug|Any CPU
		{195157E6-8B4A-4CED-B19C-ABB3E1F2D4CA}.Debug-net20|ARM.Build.0 = Debug|Any CPU
		{195157E6-8B4A-4CED-B19C-ABB3E1F2D4CA}.Debug-net20|x64.ActiveCfg = Debug|Any CPU
		{195157E6-8B4A-4CED-B19C-ABB3E1F2D4CA}.Debug-net20|x64.Build.0 = Debug|Any CPU
		{195157E6-8B4A-4CED-B19C-ABB3E1F2D4CA}.Debug-net20|x86.ActiveCfg = Debug|Any CPU
		{195157E6-8B4A-4CED-B19C-ABB3E1F2D4CA}.Debug-net20|x86.Build.0 = Debug|Any CPU
		{195157E6-8B4A-4CED-B19C-ABB3E1F2D4CA}.Debug-net35|Any CPU.ActiveCfg = Debug|Any CPU
		{195157E6-8B4A-4CED-B19C-ABB3E1F2D4CA}.Debug-net35|Any CPU.Build.0 = Debug|Any CPU
		{195157E6-8B4A-4CED-B19C-ABB3E1F2D4CA}.Debug-net35|ARM.ActiveCfg = Debug|Any CPU
		{195157E6-8B4A-4CED-B19C-ABB3E1F2D4CA}.Debug-net35|ARM.Build.0 = Debug|Any CPU
		{195157E6-8B4A-4CED-B19C-ABB3E1F2D4CA}.Debug-net35|x64.ActiveCfg = Debug|Any CPU
		{195157E6-8B4A-4CED-B19C-ABB3E1F2D4CA}.Debug-net35|x64.Build.0 = Debug|Any CPU
		{195157E6-8B4A-4CED-B19C-ABB3E1F2D4CA}.Debug-net35|x86.ActiveCfg = Debug|Any CPU
		{195157E6-8B4A-4CED-B19C-ABB3E1F2D4CA}.Debug-net35|x86.Build.0 = Debug|Any CPU
		{195157E6-8B4A-4CED-B19C-ABB3E1F2D4CA}.Debug-net40|Any CPU.ActiveCfg = Debug|Any CPU
		{195157E6-8B4A-4CED-B19C-ABB3E1F2D4CA}.Debug-net40|Any CPU.Build.0 = Debug|Any CPU
		{195157E6-8B4A-4CED-B19C-ABB3E1F2D4CA}.Debug-net40|ARM.ActiveCfg = Debug|Any CPU
		{195157E6-8B4A-4CED-B19C-ABB3E1F2D4CA}.Debug-net40|ARM.Build.0 = Debug|Any CPU
		{195157E6-8B4A-4CED-B19C-ABB3E1F2D4CA}.Debug-net40|x64.ActiveCfg = Debug|Any CPU
		{195157E6-8B4A-4CED-B19C-ABB3E1F2D4CA}.Debug-net40|x64.Build.0 = Debug|Any CPU
		{195157E6-8B4A-4CED-B19C-ABB3E1F2D4CA}.Debug-net40|x86.ActiveCfg = Debug|Any CPU
		{195157E6-8B4A-4CED-B19C-ABB3E1F2D4CA}.Debug-net40|x86.Build.0 = Debug|Any CPU
		{195157E6-8B4A-4CED-B19C-ABB3E1F2D4CA}.Debug-net45|Any CPU.ActiveCfg = Debug|Any CPU
		{195157E6-8B4A-4CED-B19C-ABB3E1F2D4CA}.Debug-net45|Any CPU.Build.0 = Debug|Any CPU
		{195157E6-8B4A-4CED-B19C-ABB3E1F2D4CA}.Debug-net45|ARM.ActiveCfg = Debug|Any CPU
		{195157E6-8B4A-4CED-B19C-ABB3E1F2D4CA}.Debug-net45|ARM.Build.0 = Debug|Any CPU
		{195157E6-8B4A-4CED-B19C-ABB3E1F2D4CA}.Debug-net45|x64.ActiveCfg = Debug|Any CPU
		{195157E6-8B4A-4CED-B19C-ABB3E1F2D4CA}.Debug-net45|x64.Build.0 = Debug|Any CPU
		{195157E6-8B4A-4CED-B19C-ABB3E1F2D4CA}.Debug-net45|x86.ActiveCfg = Debug|Any CPU
		{195157E6-8B4A-4CED-B19C-ABB3E1F2D4CA}.Debug-net45|x86.Build.0 = Debug|Any CPU
		{195157E6-8B4A-4CED-B19C-ABB3E1F2D4CA}.Release|Any CPU.ActiveCfg = Release|Any CPU
		{195157E6-8B4A-4CED-B19C-ABB3E1F2D4CA}.Release|Any CPU.Build.0 = Release|Any CPU
		{195157E6-8B4A-4CED-B19C-ABB3E1F2D4CA}.Release|ARM.ActiveCfg = Release|Any CPU
		{195157E6-8B4A-4CED-B19C-ABB3E1F2D4CA}.Release|ARM.Build.0 = Release|Any CPU
		{195157E6-8B4A-4CED-B19C-ABB3E1F2D4CA}.Release|x64.ActiveCfg = Release|Any CPU
		{195157E6-8B4A-4CED-B19C-ABB3E1F2D4CA}.Release|x64.Build.0 = Release|Any CPU
		{195157E6-8B4A-4CED-B19C-ABB3E1F2D4CA}.Release|x86.ActiveCfg = Release|Any CPU
		{195157E6-8B4A-4CED-B19C-ABB3E1F2D4CA}.Release|x86.Build.0 = Release|Any CPU
		{195157E6-8B4A-4CED-B19C-ABB3E1F2D4CA}.Release-net20|Any CPU.ActiveCfg = Release|Any CPU
		{195157E6-8B4A-4CED-B19C-ABB3E1F2D4CA}.Release-net20|Any CPU.Build.0 = Release|Any CPU
		{195157E6-8B4A-4CED-B19C-ABB3E1F2D4CA}.Release-net20|ARM.ActiveCfg = Release|Any CPU
		{195157E6-8B4A-4CED-B19C-ABB3E1F2D4CA}.Release-net20|ARM.Build.0 = Release|Any CPU
		{195157E6-8B4A-4CED-B19C-ABB3E1F2D4CA}.Release-net20|x64.ActiveCfg = Release|Any CPU
		{195157E6-8B4A-4CED-B19C-ABB3E1F2D4CA}.Release-net20|x64.Build.0 = Release|Any CPU
		{195157E6-8B4A-4CED-B19C-ABB3E1F2D4CA}.Release-net20|x86.ActiveCfg = Release|Any CPU
		{195157E6-8B4A-4CED-B19C-ABB3E1F2D4CA}.Release-net20|x86.Build.0 = Release|Any CPU
		{195157E6-8B4A-4CED-B19C-ABB3E1F2D4CA}.Release-net35|Any CPU.ActiveCfg = Release|Any CPU
		{195157E6-8B4A-4CED-B19C-ABB3E1F2D4CA}.Release-net35|Any CPU.Build.0 = Release|Any CPU
		{195157E6-8B4A-4CED-B19C-ABB3E1F2D4CA}.Release-net35|ARM.ActiveCfg = Release|Any CPU
		{195157E6-8B4A-4CED-B19C-ABB3E1F2D4CA}.Release-net35|ARM.Build.0 = Release|Any CPU
		{195157E6-8B4A-4CED-B19C-ABB3E1F2D4CA}.Release-net35|x64.ActiveCfg = Release|Any CPU
		{195157E6-8B4A-4CED-B19C-ABB3E1F2D4CA}.Release-net35|x64.Build.0 = Release|Any CPU
		{195157E6-8B4A-4CED-B19C-ABB3E1F2D4CA}.Release-net35|x86.ActiveCfg = Release|Any CPU
		{195157E6-8B4A-4CED-B19C-ABB3E1F2D4CA}.Release-net35|x86.Build.0 = Release|Any CPU
		{195157E6-8B4A-4CED-B19C-ABB3E1F2D4CA}.Release-net40|Any CPU.ActiveCfg = Release|Any CPU
		{195157E6-8B4A-4CED-B19C-ABB3E1F2D4CA}.Release-net40|Any CPU.Build.0 = Release|Any CPU
		{195157E6-8B4A-4CED-B19C-ABB3E1F2D4CA}.Release-net40|ARM.ActiveCfg = Release|Any CPU
		{195157E6-8B4A-4CED-B19C-ABB3E1F2D4CA}.Release-net40|ARM.Build.0 = Release|Any CPU
		{195157E6-8B4A-4CED-B19C-ABB3E1F2D4CA}.Release-net40|x64.ActiveCfg = Release|Any CPU
		{195157E6-8B4A-4CED-B19C-ABB3E1F2D4CA}.Release-net40|x64.Build.0 = Release|Any CPU
		{195157E6-8B4A-4CED-B19C-ABB3E1F2D4CA}.Release-net40|x86.ActiveCfg = Release|Any CPU
		{195157E6-8B4A-4CED-B19C-ABB3E1F2D4CA}.Release-net40|x86.Build.0 = Release|Any CPU
		{195157E6-8B4A-4CED-B19C-ABB3E1F2D4CA}.Release-net45|Any CPU.ActiveCfg = Release|Any CPU
		{195157E6-8B4A-4CED-B19C-ABB3E1F2D4CA}.Release-net45|Any CPU.Build.0 = Release|Any CPU
		{195157E6-8B4A-4CED-B19C-ABB3E1F2D4CA}.Release-net45|ARM.ActiveCfg = Release|Any CPU
		{195157E6-8B4A-4CED-B19C-ABB3E1F2D4CA}.Release-net45|ARM.Build.0 = Release|Any CPU
		{195157E6-8B4A-4CED-B19C-ABB3E1F2D4CA}.Release-net45|x64.ActiveCfg = Release|Any CPU
		{195157E6-8B4A-4CED-B19C-ABB3E1F2D4CA}.Release-net45|x64.Build.0 = Release|Any CPU
		{195157E6-8B4A-4CED-B19C-ABB3E1F2D4CA}.Release-net45|x86.ActiveCfg = Release|Any CPU
		{195157E6-8B4A-4CED-B19C-ABB3E1F2D4CA}.Release-net45|x86.Build.0 = Release|Any CPU
	EndGlobalSection
	GlobalSection(SolutionProperties) = preSolution
		HideSolutionNode = FALSE
	EndGlobalSection
	GlobalSection(NestedProjects) = preSolution
		{7DBFC744-5B7E-45B9-B581-0FFB893048CC} = {9E5DCF02-92DA-45B9-9265-868F971E48B5}
		{DE927E39-F76B-433F-B493-2D85C0A0C2C1} = {9E5DCF02-92DA-45B9-9265-868F971E48B5}
		{28225C89-943D-4840-A9A7-31DBF6C6AAF6} = {9E5DCF02-92DA-45B9-9265-868F971E48B5}
		{178B8037-6FC5-440D-B9AF-80CBF95A0FED} = {9E5DCF02-92DA-45B9-9265-868F971E48B5}
		{195157E6-8B4A-4CED-B19C-ABB3E1F2D4CA} = {9E5DCF02-92DA-45B9-9265-868F971E48B5}
	EndGlobalSection
EndGlobal
